
Microsoft Visual Studio Solution File, Format Version 12.00
# Visual Studio 15
VisualStudioVersion = 15.0.27428.2027
MinimumVisualStudioVersion = 10.0.40219.1
Project("{FAE04EC0-301F-11D3-BF4B-00C04F79EFBC}") = "ProdCientifica", "ProdCientifica\ProdCientifica.csproj", "{493DE763-D4C6-4991-B507-6F418A39923B}"
EndProject
Global
	GlobalSection(SolutionConfigurationPlatforms) = preSolution
		Debug|Any CPU = Debug|Any CPU
		Release|Any CPU = Release|Any CPU
	EndGlobalSection
	GlobalSection(ProjectConfigurationPlatforms) = postSolution
		{493DE763-D4C6-4991-B507-6F418A39923B}.Debug|Any CPU.ActiveCfg = Debug|Any CPU
		{493DE763-D4C6-4991-B507-6F418A39923B}.Debug|Any CPU.Build.0 = Debug|Any CPU
		{493DE763-D4C6-4991-B507-6F418A39923B}.Release|Any CPU.ActiveCfg = Release|Any CPU
		{493DE763-D4C6-4991-B507-6F418A39923B}.Release|Any CPU.Build.0 = Release|Any CPU
	EndGlobalSection
	GlobalSection(SolutionProperties) = preSolution
		HideSolutionNode = FALSE
	EndGlobalSection
	GlobalSection(ExtensibilityGlobals) = postSolution
		SolutionGuid = {6ECB6550-C949-4905-B8D0-93D3D554BEF5}
	EndGlobalSection
EndGlobal
